
Microsoft Visual Studio Solution File, Format Version 12.00
Project("{FAE04EC0-301F-11D3-BF4B-00C04F79EFBC}") = "Sorozatok", "Sorozatok\Sorozatok.csproj", "{15AA5DA1-6BCF-4C55-B467-8C8D95759972}"
EndProject
Project("{FAE04EC0-301F-11D3-BF4B-00C04F79EFBC}") = "Sudoku", "Sudoku\Sudoku.csproj", "{F877F07E-4D13-4D25-9D6B-302963067393}"
EndProject
Global
	GlobalSection(SolutionConfigurationPlatforms) = preSolution
		Debug|Any CPU = Debug|Any CPU
		Release|Any CPU = Release|Any CPU
	EndGlobalSection
	GlobalSection(ProjectConfigurationPlatforms) = postSolution
		{15AA5DA1-6BCF-4C55-B467-8C8D95759972}.Debug|Any CPU.ActiveCfg = Debug|Any CPU
		{15AA5DA1-6BCF-4C55-B467-8C8D95759972}.Debug|Any CPU.Build.0 = Debug|Any CPU
		{15AA5DA1-6BCF-4C55-B467-8C8D95759972}.Release|Any CPU.ActiveCfg = Release|Any CPU
		{15AA5DA1-6BCF-4C55-B467-8C8D95759972}.Release|Any CPU.Build.0 = Release|Any CPU
		{F877F07E-4D13-4D25-9D6B-302963067393}.Debug|Any CPU.ActiveCfg = Debug|Any CPU
		{F877F07E-4D13-4D25-9D6B-302963067393}.Debug|Any CPU.Build.0 = Debug|Any CPU
		{F877F07E-4D13-4D25-9D6B-302963067393}.Release|Any CPU.ActiveCfg = Release|Any CPU
		{F877F07E-4D13-4D25-9D6B-302963067393}.Release|Any CPU.Build.0 = Release|Any CPU
	EndGlobalSection
EndGlobal
